
Microsoft Visual Studio Solution File, Format Version 12.00
# Visual Studio 15
VisualStudioVersion = 15.0.27004.2005
MinimumVisualStudioVersion = 10.0.40219.1
Project("{888888A0-9F3D-457C-B088-3A5042F75D52}") = "guestv3", "guestv3\guestv3.pyproj", "{6BBAB7AF-0418-414F-BE89-B938E22AC374}"
EndProject
Global
	GlobalSection(SolutionConfigurationPlatforms) = preSolution
		Debug|Any CPU = Debug|Any CPU
		Release|Any CPU = Release|Any CPU
	EndGlobalSection
	GlobalSection(ProjectConfigurationPlatforms) = postSolution
		{6BBAB7AF-0418-414F-BE89-B938E22AC374}.Debug|Any CPU.ActiveCfg = Debug|Any CPU
		{6BBAB7AF-0418-414F-BE89-B938E22AC374}.Release|Any CPU.ActiveCfg = Release|Any CPU
	EndGlobalSection
	GlobalSection(SolutionProperties) = preSolution
		HideSolutionNode = FALSE
	EndGlobalSection
	GlobalSection(ExtensibilityGlobals) = postSolution
		SolutionGuid = {BF9ACEDB-BDB1-49F8-89A4-F5AEC96B0DA2}
	EndGlobalSection
EndGlobal
